// !$*UTF8*$!
{
	archiveVersion = 1;
	classes = {
	};
	objectVersion = 46;
	objects = {

/* Begin PBXBuildFile section */
		4376F8BA1B549F080005987B /* AppDelegate.swift in Sources */ = {isa = PBXBuildFile; fileRef = 4376F8B91B549F080005987B /* AppDelegate.swift */; };
		4376F8BC1B549F080005987B /* ViewController.swift in Sources */ = {isa = PBXBuildFile; fileRef = 4376F8BB1B549F080005987B /* ViewController.swift */; };
		4376F8BF1B549F080005987B /* Main.storyboard in Resources */ = {isa = PBXBuildFile; fileRef = 4376F8BD1B549F080005987B /* Main.storyboard */; };
		4376F8C11B549F080005987B /* Images.xcassets in Resources */ = {isa = PBXBuildFile; fileRef = 4376F8C01B549F080005987B /* Images.xcassets */; };
		4376F8C41B549F080005987B /* LaunchScreen.xib in Resources */ = {isa = PBXBuildFile; fileRef = 4376F8C21B549F080005987B /* LaunchScreen.xib */; };
		4376F8D01B549F090005987B /* DroplingsTests.swift in Sources */ = {isa = PBXBuildFile; fileRef = 4376F8CF1B549F090005987B /* DroplingsTests.swift */; };
/* End PBXBuildFile section */

/* Begin PBXContainerItemProxy section */
		4376F8CA1B549F090005987B /* PBXContainerItemProxy */ = {
			isa = PBXContainerItemProxy;
			containerPortal = 4376F8AC1B549F080005987B /* Project object */;
			proxyType = 1;
			remoteGlobalIDString = 4376F8B31B549F080005987B;
			remoteInfo = Droplings;
		};
/* End PBXContainerItemProxy section */

/* Begin PBXFileReference section */
		4376F8B41B549F080005987B /* Droplings.app */ = {isa = PBXFileReference; explicitFileType = wrapper.application; includeInIndex = 0; path = Droplings.app; sourceTree = BUILT_PRODUCTS_DIR; };
		4376F8B81B549F080005987B /* Info.plist */ = {isa = PBXFileReference; lastKnownFileType = text.plist.xml; path = Info.plist; sourceTree = "<group>"; };
		4376F8B91B549F080005987B /* AppDelegate.swift */ = {isa = PBXFileReference; lastKnownFileType = sourcecode.swift; path = AppDelegate.swift; sourceTree = "<group>"; };
		4376F8BB1B549F080005987B /* ViewController.swift */ = {isa = PBXFileReference; lastKnownFileType = sourcecode.swift; path = ViewController.swift; sourceTree = "<group>"; };
		4376F8BE1B549F080005987B /* Base */ = {isa = PBXFileReference; lastKnownFileType = file.storyboard; name = Base; path = Base.lproj/Main.storyboard; sourceTree = "<group>"; };
		4376F8C01B549F080005987B /* Images.xcassets */ = {isa = PBXFileReference; lastKnownFileType = folder.assetcatalog; path = Images.xcassets; sourceTree = "<group>"; };
		4376F8C31B549F080005987B /* Base */ = {isa = PBXFileReference; lastKnownFileType = file.xib; name = Base; path = Base.lproj/LaunchScreen.xib; sourceTree = "<group>"; };
		4376F8C91B549F090005987B /* DroplingsTests.xctest */ = {isa = PBXFileReference; explicitFileType = wrapper.cfbundle; includeInIndex = 0; path = DroplingsTests.xctest; sourceTree = BUILT_PRODUCTS_DIR; };
		4376F8CE1B549F090005987B /* Info.plist */ = {isa = PBXFileReference; lastKnownFileType = text.plist.xml; path = Info.plist; sourceTree = "<group>"; };
		4376F8CF1B549F090005987B /* DroplingsTests.swift */ = {isa = PBXFileReference; lastKnownFileType = sourcecode.swift; path = DroplingsTests.swift; sourceTree = "<group>"; };
/* End PBXFileReference section */

/* Begin PBXFrameworksBuildPhase section */
		4376F8B11B549F080005987B /* Frameworks */ = {
			isa = PBXFrameworksBuildPhase;
			buildActionMask = 2147483647;
			files = (
			);
			runOnlyForDeploymentPostprocessing = 0;
		};
		4376F8C61B549F090005987B /* Frameworks */ = {
			isa = PBXFrameworksBuildPhase;
			buildActionMask = 2147483647;
			files = (
			);
			runOnlyForDeploymentPostprocessing = 0;
		};
/* End PBXFrameworksBuildPhase section */

/* Begin PBXGroup section */
		4376F8AB1B549F080005987B = {
			isa = PBXGroup;
			children = (
				4376F8B61B549F080005987B /* Droplings */,
				4376F8CC1B549F090005987B /* DroplingsTests */,
				4376F8B51B549F080005987B /* Products */,
			);
			sourceTree = "<group>";
		};
		4376F8B51B549F080005987B /* Products */ = {
			isa = PBXGroup;
			children = (
				4376F8B41B549F080005987B /* Droplings.app */,
				4376F8C91B549F090005987B /* DroplingsTests.xctest */,
			);
			name = Products;
			sourceTree = "<group>";
		};
		4376F8B61B549F080005987B /* Droplings */ = {
			isa = PBXGroup;
			children = (
				4376F8B91B549F080005987B /* AppDelegate.swift */,
				4376F8BB1B549F080005987B /* ViewController.swift */,
				4376F8BD1B549F080005987B /* Main.storyboard */,
				4376F8C01B549F080005987B /* Images.xcassets */,
				4376F8C21B549F080005987B /* LaunchScreen.xib */,
				4376F8B71B549F080005987B /* Supporting Files */,
			);
			path = Droplings;
			sourceTree = "<group>";
		};
		4376F8B71B549F080005987B /* Supporting Files */ = {
			isa = PBXGroup;
			children = (
				4376F8B81B549F080005987B /* Info.plist */,
			);
			name = "Supporting Files";
			sourceTree = "<group>";
		};
		4376F8CC1B549F090005987B /* DroplingsTests */ = {
			isa = PBXGroup;
			children = (
				4376F8CF1B549F090005987B /* DroplingsTests.swift */,
				4376F8CD1B549F090005987B /* Supporting Files */,
			);
			path = DroplingsTests;
			sourceTree = "<group>";
		};
		4376F8CD1B549F090005987B /* Supporting Files */ = {
			isa = PBXGroup;
			children = (
				4376F8CE1B549F090005987B /* Info.plist */,
			);
			name = "Supporting Files";
			sourceTree = "<group>";
		};
/* End PBXGroup section */

/* Begin PBXNativeTarget section */
		4376F8B31B549F080005987B /* Droplings */ = {
			isa = PBXNativeTarget;
			buildConfigurationList = 4376F8D31B549F090005987B /* Build configuration list for PBXNativeTarget "Droplings" */;
			buildPhases = (
				4376F8B01B549F080005987B /* Sources */,
				4376F8B11B549F080005987B /* Frameworks */,
				4376F8B21B549F080005987B /* Resources */,
			);
			buildRules = (
			);
			dependencies = (
			);
			name = Droplings;
			productName = Droplings;
			productReference = 4376F8B41B549F080005987B /* Droplings.app */;
			productType = "com.apple.product-type.application";
		};
		4376F8C81B549F090005987B /* DroplingsTests */ = {
			isa = PBXNativeTarget;
			buildConfigurationList = 4376F8D61B549F090005987B /* Build configuration list for PBXNativeTarget "DroplingsTests" */;
			buildPhases = (
				4376F8C51B549F090005987B /* Sources */,
				4376F8C61B549F090005987B /* Frameworks */,
				4376F8C71B549F090005987B /* Resources */,
			);
			buildRules = (
			);
			dependencies = (
				4376F8CB1B549F090005987B /* PBXTargetDependency */,
			);
			name = DroplingsTests;
			productName = DroplingsTests;
			productReference = 4376F8C91B549F090005987B /* DroplingsTests.xctest */;
			productType = "com.apple.product-type.bundle.unit-test";
		};
/* End PBXNativeTarget section */

/* Begin PBXProject section */
		4376F8AC1B549F080005987B /* Project object */ = {
			isa = PBXProject;
			attributes = {
				LastUpgradeCheck = 0630;
				ORGANIZATIONNAME = "Logan McKinzie";
				TargetAttributes = {
					4376F8B31B549F080005987B = {
						CreatedOnToolsVersion = 6.3.1;
					};
					4376F8C81B549F090005987B = {
						CreatedOnToolsVersion = 6.3.1;
						TestTargetID = 4376F8B31B549F080005987B;
					};
				};
			};
			buildConfigurationList = 4376F8AF1B549F080005987B /* Build configuration list for PBXProject "Droplings" */;
			compatibilityVersion = "Xcode 3.2";
			developmentRegion = English;
			hasScannedForEncodings = 0;
			knownRegions = (
				en,
				Base,
			);
			mainGroup = 4376F8AB1B549F080005987B;
			productRefGroup = 4376F8B51B549F080005987B /* Products */;
			projectDirPath = "";
			projectRoot = "";
			targets = (
				4376F8B31B549F080005987B /* Droplings */,
				4376F8C81B549F090005987B /* DroplingsTests */,
			);
		};
/* End PBXProject section */

/* Begin PBXResourcesBuildPhase section */
		4376F8B21B549F080005987B /* Resources */ = {
			isa = PBXResourcesBuildPhase;
			buildActionMask = 2147483647;
			files = (
				4376F8BF1B549F080005987B /* Main.storyboard in Resources */,
				4376F8C41B549F080005987B /* LaunchScreen.xib in Resources */,
				4376F8C11B549F080005987B /* Images.xcassets in Resources */,
			);
			runOnlyForDeploymentPostprocessing = 0;
		};
		4376F8C71B549F090005987B /* Resources */ = {
			isa = PBXResourcesBuildPhase;
			buildActionMask = 2147483647;
			files = (
			);
			runOnlyForDeploymentPostprocessing = 0;
		};
/* End PBXResourcesBuildPhase section */

/* Begin PBXSourcesBuildPhase section */
		4376F8B01B549F080005987B /* Sources */ = {
			isa = PBXSourcesBuildPhase;
			buildActionMask = 2147483647;
			files = (
				4376F8BC1B549F080005987B /* ViewController.swift in Sources */,
				4376F8BA1B549F080005987B /* AppDelegate.swift in Sources */,
			);
			runOnlyForDeploymentPostprocessing = 0;
		};
		4376F8C51B549F090005987B /* Sources */ = {
			isa = PBXSourcesBuildPhase;
			buildActionMask = 2147483647;
			files = (
				4376F8D01B549F090005987B /* DroplingsTests.swift in Sources */,
			);
			runOnlyForDeploymentPostprocessing = 0;
		};
/* End PBXSourcesBuildPhase section */

/* Begin PBXTargetDependency section */
		4376F8CB1B549F090005987B /* PBXTargetDependency */ = {
			isa = PBXTargetDependency;
			target = 4376F8B31B549F080005987B /* Droplings */;
			targetProxy = 4376F8CA1B549F090005987B /* PBXContainerItemProxy */;
		};
/* End PBXTargetDependency section */

/* Begin PBXVariantGroup section */
		4376F8BD1B549F080005987B /* Main.storyboard */ = {
			isa = PBXVariantGroup;
			children = (
				4376F8BE1B549F080005987B /* Base */,
			);
			name = Main.storyboard;
			sourceTree = "<group>";
		};
		4376F8C21B549F080005987B /* LaunchScreen.xib */ = {
			isa = PBXVariantGroup;
			children = (
				4376F8C31B549F080005987B /* Base */,
			);
			name = LaunchScreen.xib;
			sourceTree = "<group>";
		};
/* End PBXVariantGroup section */

/* Begin XCBuildConfiguration section */
		4376F8D11B549F090005987B /* Debug */ = {
			isa = XCBuildConfiguration;
			buildSettings = {
				ALWAYS_SEARCH_USER_PATHS = NO;
				CLANG_CXX_LANGUAGE_STANDARD = "gnu++0x";
				CLANG_CXX_LIBRARY = "libc++";
				CLANG_ENABLE_MODULES = YES;
				CLANG_ENABLE_OBJC_ARC = YES;
				CLANG_WARN_BOOL_CONVERSION = YES;
				CLANG_WARN_CONSTANT_CONVERSION = YES;
				CLANG_WARN_DIRECT_OBJC_ISA_USAGE = YES_ERROR;
				CLANG_WARN_EMPTY_BODY = YES;
				CLANG_WARN_ENUM_CONVERSION = YES;
				CLANG_WARN_INT_CONVERSION = YES;
				CLANG_WARN_OBJC_ROOT_CLASS = YES_ERROR;
				CLANG_WARN_UNREACHABLE_CODE = YES;
				CLANG_WARN__DUPLICATE_METHOD_MATCH = YES;
				"CODE_SIGN_IDENTITY[sdk=iphoneos*]" = "iPhone Developer";
				COPY_PHASE_STRIP = NO;
				DEBUG_INFORMATION_FORMAT = "dwarf-with-dsym";
				ENABLE_STRICT_OBJC_MSGSEND = YES;
				GCC_C_LANGUAGE_STANDARD = gnu99;
				GCC_DYNAMIC_NO_PIC = NO;
				GCC_NO_COMMON_BLOCKS = YES;
				GCC_OPTIMIZATION_LEVEL = 0;
				GCC_PREPROCESSOR_DEFINITIONS = (
					"DEBUG=1",
					"$(inherited)",
				);
				GCC_SYMBOLS_PRIVATE_EXTERN = NO;
				GCC_WARN_64_TO_32_BIT_CONVERSION = YES;
				GCC_WARN_ABOUT_RETURN_TYPE = YES_ERROR;
				GCC_WARN_UNDECLARED_SELECTOR = YES;
				GCC_WARN_UNINITIALIZED_AUTOS = YES_AGGRESSIVE;
				GCC_WARN_UNUSED_FUNCTION = YES;
				GCC_WARN_UNUSED_VARIABLE = YES;
				IPHONEOS_DEPLOYMENT_TARGET = 8.3;
				MTL_ENABLE_DEBUG_INFO = YES;
				ONLY_ACTIVE_ARCH = YES;
				SDKROOT = iphoneos;
				SWIFT_OPTIMIZATION_LEVEL = "-Onone";
				TARGETED_DEVICE_FAMILY = "1,2";
			};
			name = Debug;
		};
		4376F8D21B549F090005987B /* Release */ = {
			isa = XCBuildConfiguration;
			buildSettings = {
				ALWAYS_SEARCH_USER_PATHS = NO;
				CLANG_CXX_LANGUAGE_STANDARD = "gnu++0x";
				CLANG_CXX_LIBRARY = "libc++";
				CLANG_ENABLE_MODULES = YES;
				CLANG_ENABLE_OBJC_ARC = YES;
				CLANG_WARN_BOOL_CONVERSION = YES;
				CLANG_WARN_CONSTANT_CONVERSION = YES;
				CLANG_WARN_DIRECT_OBJC_ISA_USAGE = YES_ERROR;
				CLANG_WARN_EMPTY_BODY = YES;
				CLANG_WARN_ENUM_CONVERSION = YES;
				CLANG_WARN_INT_CONVERSION = YES;
				CLANG_WARN_OBJC_ROOT_CLASS = YES_ERROR;
				CLANG_WARN_UNREACHABLE_CODE = YES;
				CLANG_WARN__DUPLICATE_METHOD_MATCH = YES;
				"CODE_SIGN_IDENTITY[sdk=iphoneos*]" = "iPhone Developer";
				COPY_PHASE_STRIP = NO;
				DEBUG_INFORMATION_FORMAT = "dwarf-with-dsym";
				ENABLE_NS_ASSERTIONS = NO;
				ENABLE_STRICT_OBJC_MSGSEND = YES;
				GCC_C_LANGUAGE_STANDARD = gnu99;
				GCC_NO_COMMON_BLOCKS = YES;
				GCC_WARN_64_TO_32_BIT_CONVERSION = YES;
				GCC_WARN_ABOUT_RETURN_TYPE = YES_ERROR;
				GCC_WARN_UNDECLARED_SELECTOR = YES;
				GCC_WARN_UNINITIALIZED_AUTOS = YES_AGGRESSIVE;
				GCC_WARN_UNUSED_FUNCTION = YES;
				GCC_WARN_UNUSED_VARIABLE = YES;
				IPHONEOS_DEPLOYMENT_TARGET = 8.3;
				MTL_ENABLE_DEBUG_INFO = NO;
				SDKROOT = iphoneos;
				TARGETED_DEVICE_FAMILY = "1,2";
				VALIDATE_PRODUCT = YES;
			};
			name = Release;
		};
		4376F8D41B549F090005987B /* Debug */ = {
			isa = XCBuildConfiguration;
			buildSettings = {
				ASSETCATALOG_COMPILER_APPICON_NAME = AppIcon;
				INFOPLIST_FILE = Droplings/Info.plist;
				LD_RUNPATH_SEARCH_PATHS = "$(inherited) @executable_path/Frameworks";
				PRODUCT_NAME = "$(TARGET_NAME)";
			};
			name = Debug;
		};
		4376F8D51B549F090005987B /* Release */ = {
			isa = XCBuildConfiguration;
			buildSettings = {
				ASSETCATALOG_COMPILER_APPICON_NAME = AppIcon;
				INFOPLIST_FILE = Droplings/Info.plist;
				LD_RUNPATH_SEARCH_PATHS = "$(inherited) @executable_path/Frameworks";
				PRODUCT_NAME = "$(TARGET_NAME)";
			};
			name = Release;
		};
		4376F8D71B549F090005987B /* Debug */ = {
			isa = XCBuildConfiguration;
			buildSettings = {
				BUNDLE_LOADER = "$(TEST_HOST)";
				FRAMEWORK_SEARCH_PATHS = (
					"$(SDKROOT)/Developer/Library/Frameworks",
					"$(inherited)",
				);
				GCC_PREPROCESSOR_DEFINITIONS = (
					"DEBUG=1",
					"$(inherited)",
				);
				INFOPLIST_FILE = DroplingsTests/Info.plist;
				LD_RUNPATH_SEARCH_PATHS = "$(inherited) @executable_path/Frameworks @loader_path/Frameworks";
				PRODUCT_NAME = "$(TARGET_NAME)";
				TEST_HOST = "$(BUILT_PRODUCTS_DIR)/Droplings.app/Droplings";
			};
			name = Debug;
		};
		4376F8D81B549F090005987B /* Release */ = {
			isa = XCBuildConfiguration;
			buildSettings = {
				BUNDLE_LOADER = "$(TEST_HOST)";
				FRAMEWORK_SEARCH_PATHS = (
					"$(SDKROOT)/Developer/Library/Frameworks",
					"$(inherited)",
				);
				INFOPLIST_FILE = DroplingsTests/Info.plist;
				LD_RUNPATH_SEARCH_PATHS = "$(inherited) @executable_path/Frameworks @loader_path/Frameworks";
				PRODUCT_NAME = "$(TARGET_NAME)";
				TEST_HOST = "$(BUILT_PRODUCTS_DIR)/Droplings.app/Droplings";
			};
			name = Release;
		};
/* End XCBuildConfiguration section */

/* Begin XCConfigurationList section */
		4376F8AF1B549F080005987B /* Build configuration list for PBXProject "Droplings" */ = {
			isa = XCConfigurationList;
			buildConfigurations = (
				4376F8D11B549F090005987B /* Debug */,
				4376F8D21B549F090005987B /* Release */,
			);
			defaultConfigurationIsVisible = 0;
			defaultConfigurationName = Release;
		};
		4376F8D31B549F090005987B /* Build configuration list for PBXNativeTarget "Droplings" */ = {
			isa = XCConfigurationList;
			buildConfigurations = (
				4376F8D41B549F090005987B /* Debug */,
				4376F8D51B549F090005987B /* Release */,
			);
			defaultConfigurationIsVisible = 0;
		};
		4376F8D61B549F090005987B /* Build configuration list for PBXNativeTarget "DroplingsTests" */ = {
			isa = XCConfigurationList;
			buildConfigurations = (
				4376F8D71B549F090005987B /* Debug */,
				4376F8D81B549F090005987B /* Release */,
			);
			defaultConfigurationIsVisible = 0;
		};
/* End XCConfigurationList section */
	};
	rootObject = 4376F8AC1B549F080005987B /* Project object */;
}
